# THIS IS AN AUTOGENERATED FILE. DO NOT EDIT THIS FILE DIRECTLY.
# yarn lockfile v1


"@alpinejs/collapse@^3.15.12":
  version "3.15.12"
  resolved "https://registry.npmjs.org/@alpinejs/collapse/-/collapse-3.15.12.tgz"
  integrity sha512-BKNANLtNXuWYOSAnajSKLPjTsmHRNrv0ALFTbpmqt2/klHFooPhctSwkhFVPQb7rZ8BjEKHmNaBwnSbgtpk6xg==

"@esbuild/win32-x64@0.21.5":
  version "0.21.5"
  resolved "https://registry.npmjs.org/@esbuild/win32-x64/-/win32-x64-0.21.5.tgz"
  integrity sha512-tQd/1efJuzPC6rCFwEvLtci/xNFcTZknmXs98FYDfGE4wP9ClFV98nyKrzJKVPMhdDnjzLhdUyMX4PsQAPjwIw==

"@jridgewell/gen-mapping@^0.3.5":
  version "0.3.13"
  resolved "https://registry.npmjs.org/@jridgewell/gen-mapping/-/gen-mapping-0.3.13.tgz"
  integrity sha512-2kkt/7niJ6MgEPxF0bYdQ6etZaA+fQvDcLKckhy1yIQOzaoKjBBjSj63/aLVjYE3qhRt5dvM+uUyfCg6UKCBbA==
  dependencies:
    "@jridgewell/sourcemap-codec" "^1.5.0"
    "@jridgewell/trace-mapping" "^0.3.24"

"@jridgewell/remapping@^2.3.5":
  version "2.3.5"
  resolved "https://registry.npmjs.org/@jridgewell/remapping/-/remapping-2.3.5.tgz"
  integrity sha512-LI9u/+laYG4Ds1TDKSJW2YPrIlcVYOwi2fUC6xB43lueCjgxV4lffOCZCtYFiH6TNOX+tQKXx97T4IKHbhyHEQ==
  dependencies:
    "@jridgewell/gen-mapping" "^0.3.5"
    "@jridgewell/trace-mapping" "^0.3.24"

"@jridgewell/resolve-uri@^3.1.0":
  version "3.1.2"
  resolved "https://registry.npmjs.org/@jridgewell/resolve-uri/-/resolve-uri-3.1.2.tgz"
  integrity sha512-bRISgCIjP20/tbWSPWMEi54QVPRZExkuD9lJL+UIxUKtwVJA8wW1Trb1jMs1RFXo1CBTNZ/5hpC9QvmKWdopKw==

"@jridgewell/sourcemap-codec@^1.4.14", "@jridgewell/sourcemap-codec@^1.5.0", "@jridgewell/sourcemap-codec@^1.5.5":
  version "1.5.5"
  resolved "https://registry.npmjs.org/@jridgewell/sourcemap-codec/-/sourcemap-codec-1.5.5.tgz"
  integrity sha512-cYQ9310grqxueWbl+WuIUIaiUaDcj7WOq5fVhEljNVgRfOUhY9fy2zTvfoqWsnebh8Sl70VScFbICvJnLKB0Og==

"@jridgewell/trace-mapping@^0.3.24":
  version "0.3.31"
  resolved "https://registry.npmjs.org/@jridgewell/trace-mapping/-/trace-mapping-0.3.31.tgz"
  integrity sha512-zzNR+SdQSDJzc8joaeP8QQoCQr8NuYx2dIIytl1QeBEZHJ9uW6hebsrYgbz8hJwUQao3TWCMtmfV8Nu1twOLAw==
  dependencies:
    "@jridgewell/resolve-uri" "^3.1.0"
    "@jridgewell/sourcemap-codec" "^1.4.14"

"@rollup/rollup-win32-x64-gnu@4.62.2":
  version "4.62.2"
  resolved "https://registry.npmjs.org/@rollup/rollup-win32-x64-gnu/-/rollup-win32-x64-gnu-4.62.2.tgz"
  integrity sha512-T6xr6ucWSFto+VGajA8YH26LdpHRuP4YLHEKAtCWvJDOlnmWcDZVCI2Jmjr+IFHDlt2zRaTAKE4tfjTaWLgJBg==

"@rollup/rollup-win32-x64-msvc@4.62.2":
  version "4.62.2"
  resolved "https://registry.npmjs.org/@rollup/rollup-win32-x64-msvc/-/rollup-win32-x64-msvc-4.62.2.tgz"
  integrity sha512-BfzEnDJOt9T8M989/lA37EcJgat01wLRnoi5dQf3QzOH7jzpqTAzdDbVfRljVr5r+jzKqpbHeyOfAaXxAd0PAA==

"@tailwindcss/node@4.3.3":
  version "4.3.3"
  resolved "https://registry.npmjs.org/@tailwindcss/node/-/node-4.3.3.tgz"
  integrity sha512-/T8IKEsf9VTU6tLjgC7+sv2mOPtQxzE2jMw7u4Tt40Tx+QSZxpzh95/H6cMKoja9XuW7iMdLJYBB0o9G1CaAgg==
  dependencies:
    "@jridgewell/remapping" "^2.3.5"
    enhanced-resolve "^5.24.1"
    jiti "^2.7.0"
    lightningcss "1.32.0"
    magic-string "^0.30.21"
    source-map-js "^1.2.1"
    tailwindcss "4.3.3"

"@tailwindcss/oxide-win32-x64-msvc@4.3.3":
  version "4.3.3"
  resolved "https://registry.npmjs.org/@tailwindcss/oxide-win32-x64-msvc/-/oxide-win32-x64-msvc-4.3.3.tgz"
  integrity sha512-yJ0pwIVc/nYeGoV02WtsN8KYyLQv7kyI2wDnkezyJlGGjkd4QLwDGAwl47YpPJeuI0M0ObaXGSPjvWDPeTPggw==

"@tailwindcss/oxide@4.3.3":
  version "4.3.3"
  resolved "https://registry.npmjs.org/@tailwindcss/oxide/-/oxide-4.3.3.tgz"
  integrity sha512-krXjAikiaFSPaK/FkAQT5UTx3VormQaiZ5hBFlJZ9UFQGB/rwg1MZIhHAG9smMQRTdyJxP6Qt5MwMtdyU5FWrA==
  optionalDependencies:
    "@tailwindcss/oxide-android-arm64" "4.3.3"
    "@tailwindcss/oxide-darwin-arm64" "4.3.3"
    "@tailwindcss/oxide-darwin-x64" "4.3.3"
    "@tailwindcss/oxide-freebsd-x64" "4.3.3"
    "@tailwindcss/oxide-linux-arm-gnueabihf" "4.3.3"
    "@tailwindcss/oxide-linux-arm64-gnu" "4.3.3"
    "@tailwindcss/oxide-linux-arm64-musl" "4.3.3"
    "@tailwindcss/oxide-linux-x64-gnu" "4.3.3"
    "@tailwindcss/oxide-linux-x64-musl" "4.3.3"
    "@tailwindcss/oxide-wasm32-wasi" "4.3.3"
    "@tailwindcss/oxide-win32-arm64-msvc" "4.3.3"
    "@tailwindcss/oxide-win32-x64-msvc" "4.3.3"

"@tailwindcss/vite@^4.3.3":
  version "4.3.3"
  resolved "https://registry.npmjs.org/@tailwindcss/vite/-/vite-4.3.3.tgz"
  integrity sha512-yYU8cogLeSh/ms2jh8Fj7jaba/EWa7Ja6GoUqYZaraEuCI5YS6ms6ObZgjjedm+jm6XZjdNRWBpPP6Z86oOxcw==
  dependencies:
    "@tailwindcss/node" "4.3.3"
    "@tailwindcss/oxide" "4.3.3"
    tailwindcss "4.3.3"

"@types/estree@1.0.9":
  version "1.0.9"
  resolved "https://registry.npmjs.org/@types/estree/-/estree-1.0.9.tgz"
  integrity sha512-GhdPgy1el4/ImP05X05Uw4cw2/M93BCUmnEvWZNStlCzEKME4Fkk+YpoA5OiHNQmoS7Cafb8Xa3Pya8m1Qrzeg==

"@vue/reactivity@~3.1.1":
  version "3.1.5"
  resolved "https://registry.npmjs.org/@vue/reactivity/-/reactivity-3.1.5.tgz"
  integrity sha512-1tdfLmNjWG6t/CsPldh+foumYFo3cpyCHgBYQ34ylaMsJ+SNHQ1kApMIa8jN+i593zQuaw3AdWH0nJTARzCFhg==
  dependencies:
    "@vue/shared" "3.1.5"

"@vue/shared@3.1.5":
  version "3.1.5"
  resolved "https://registry.npmjs.org/@vue/shared/-/shared-3.1.5.tgz"
  integrity sha512-oJ4F3TnvpXaQwZJNF3ZK+kLPHKarDmJjJ6jyzVNDKH9md1dptjC7lWR//jrGuLdek/U6iltWxqAnYOu8gCiOvA==

alpinejs@^3.15.12:
  version "3.15.12"
  resolved "https://registry.npmjs.org/alpinejs/-/alpinejs-3.15.12.tgz"
  integrity sha512-nJvPAQVNPdZZ0NrExJ/kzQco3ijR8LwvCOadQecllESiqT4NyZ/57sN9V2XyvhlBGAbmlKYgeWZvYdKq99ij/Q==
  dependencies:
    "@vue/reactivity" "~3.1.1"

asynckit@^0.4.0:
  version "0.4.0"
  resolved "https://registry.npmjs.org/asynckit/-/asynckit-0.4.0.tgz"
  integrity sha512-Oei9OH4tRh0YqU3GxhX79dM/mwVgvbZJaSNaRk+bshkj0S5cfHcgYakreBjrHwatXKbz+IoIdYLxrKim2MjW0Q==

axios@^1.1.2:
  version "1.6.8"
  resolved "https://registry.npmjs.org/axios/-/axios-1.6.8.tgz"
  integrity sha512-v/ZHtJDU39mDpyBoFVkETcd/uNdxrWRrg3bKpOKzXFA6Bvqopts6ALSMU3y6ijYxbw2B+wPrIv46egTzJXCLGQ==
  dependencies:
    follow-redirects "^1.15.6"
    form-data "^4.0.0"
    proxy-from-env "^1.1.0"

card-js@^1.0.13:
  version "1.0.13"
  resolved "https://registry.npmjs.org/card-js/-/card-js-1.0.13.tgz"
  integrity sha512-NLq1UatF8npzZC6fjwXCwBcnZLFONv7hBT5zDTs1wAne9CMoILx/7ceTPGJektfbAh+SHNTsbeEzHkjV9flVEg==

combined-stream@^1.0.8:
  version "1.0.8"
  resolved "https://registry.npmjs.org/combined-stream/-/combined-stream-1.0.8.tgz"
  integrity sha512-FQN4MRfuJeHf7cBbBMJFXhKSDq+2kAArBlmRBvcvFE5BB1HZKXtSFASDhdlz9zOYwxh8lDdnvmMOe/+5cdoEdg==
  dependencies:
    delayed-stream "~1.0.0"

delayed-stream@~1.0.0:
  version "1.0.0"
  resolved "https://registry.npmjs.org/delayed-stream/-/delayed-stream-1.0.0.tgz"
  integrity sha512-ZySD7Nf91aLB0RxL4KGrKHBXl7Eds1DAmEdcoVawXnLD7SDhpNgtuII2aAkg7a7QS41jxPSZ17p4VdGnMHk3MQ==

detect-libc@^2.0.3:
  version "2.1.2"
  resolved "https://registry.npmjs.org/detect-libc/-/detect-libc-2.1.2.tgz"
  integrity sha512-Btj2BOOO83o3WyH59e8MgXsxEQVcarkUOpEYrubB0urwnN10yQ364rsiByU11nZlqWYZm05i/of7io4mzihBtQ==

enhanced-resolve@^5.24.1:
  version "5.24.2"
  resolved "https://registry.npmjs.org/enhanced-resolve/-/enhanced-resolve-5.24.2.tgz"
  integrity sha512-rpsZEGT1jFuve6QlpyRp9ckQ+kN61hvF9BzCPyMdaKTm8UJce96KBn3sorXOFXlzjPrs3Vc4T1NsSroZ3PxlFw==
  dependencies:
    graceful-fs "^4.2.4"
    tapable "^2.3.3"

esbuild@^0.21.3:
  version "0.21.5"
  resolved "https://registry.npmjs.org/esbuild/-/esbuild-0.21.5.tgz"
  integrity sha512-mg3OPMV4hXywwpoDxu3Qda5xCKQi+vCTZq8S9J/EpkhB2HzKXq4SNFZE3+NK93JYxc8VMSep+lOUSC/RVKaBqw==
  optionalDependencies:
    "@esbuild/aix-ppc64" "0.21.5"
    "@esbuild/android-arm" "0.21.5"
    "@esbuild/android-arm64" "0.21.5"
    "@esbuild/android-x64" "0.21.5"
    "@esbuild/darwin-arm64" "0.21.5"
    "@esbuild/darwin-x64" "0.21.5"
    "@esbuild/freebsd-arm64" "0.21.5"
    "@esbuild/freebsd-x64" "0.21.5"
    "@esbuild/linux-arm" "0.21.5"
    "@esbuild/linux-arm64" "0.21.5"
    "@esbuild/linux-ia32" "0.21.5"
    "@esbuild/linux-loong64" "0.21.5"
    "@esbuild/linux-mips64el" "0.21.5"
    "@esbuild/linux-ppc64" "0.21.5"
    "@esbuild/linux-riscv64" "0.21.5"
    "@esbuild/linux-s390x" "0.21.5"
    "@esbuild/linux-x64" "0.21.5"
    "@esbuild/netbsd-x64" "0.21.5"
    "@esbuild/openbsd-x64" "0.21.5"
    "@esbuild/sunos-x64" "0.21.5"
    "@esbuild/win32-arm64" "0.21.5"
    "@esbuild/win32-ia32" "0.21.5"
    "@esbuild/win32-x64" "0.21.5"

follow-redirects@^1.15.6:
  version "1.15.6"
  resolved "https://registry.npmjs.org/follow-redirects/-/follow-redirects-1.15.6.tgz"
  integrity sha512-wWN62YITEaOpSK584EZXJafH1AGpO8RVgElfkuXbTOrPX4fIfOyEpW/CsiNd8JdYrAoOvafRTOEnvsO++qCqFA==

form-data@^4.0.0:
  version "4.0.0"
  resolved "https://registry.npmjs.org/form-data/-/form-data-4.0.0.tgz"
  integrity sha512-ETEklSGi5t0QMZuiXoA/Q6vcnxcLQP5vdugSpuAyi6SVGi2clPPp+xgEhuMaHC+zGgn31Kd235W35f7Hykkaww==
  dependencies:
    asynckit "^0.4.0"
    combined-stream "^1.0.8"
    mime-types "^2.1.12"

graceful-fs@^4.2.4:
  version "4.2.11"
  resolved "https://registry.npmjs.org/graceful-fs/-/graceful-fs-4.2.11.tgz"
  integrity sha512-RbJ5/jmFcNNCcDV5o9eTnBLJ/HszWV0P73bc+Ff4nS/rJj+YaS6IGyiOL0VoBYX+l1Wrl3k63h/KrH+nhJ0XvQ==

jiti@^2.7.0:
  version "2.7.0"
  resolved "https://registry.npmjs.org/jiti/-/jiti-2.7.0.tgz"
  integrity sha512-AC/7JofJvZGrrneWNaEnJeOLUx+JlGt7tNa0wZiRPT4MY1wmfKjt2+6O2p2uz2+skll8OZZmJMNqeke7kKbNgQ==

laravel-vite-plugin@^1.2.0:
  version "1.2.0"
  resolved "https://registry.npmjs.org/laravel-vite-plugin/-/laravel-vite-plugin-1.2.0.tgz"
  integrity sha512-R0pJ+IcTVeqEMoKz/B2Ij57QVq3sFTABiFmb06gAwFdivbOgsUtuhX6N2MGLEArajrS3U5JbberzwOe7uXHMHQ==
  dependencies:
    picocolors "^1.0.0"
    vite-plugin-full-reload "^1.1.0"

lightningcss-win32-x64-msvc@1.32.0:
  version "1.32.0"
  resolved "https://registry.npmjs.org/lightningcss-win32-x64-msvc/-/lightningcss-win32-x64-msvc-1.32.0.tgz"
  integrity sha512-Amq9B/SoZYdDi1kFrojnoqPLxYhQ4Wo5XiL8EVJrVsB8ARoC1PWW6VGtT0WKCemjy8aC+louJnjS7U18x3b06Q==

lightningcss@^1.21.0, lightningcss@1.32.0:
  version "1.32.0"
  resolved "https://registry.npmjs.org/lightningcss/-/lightningcss-1.32.0.tgz"
  integrity sha512-NXYBzinNrblfraPGyrbPoD19C1h9lfI/1mzgWYvXUTe414Gz/X1FD2XBZSZM7rRTrMA8JL3OtAaGifrIKhQ5yQ==
  dependencies:
    detect-libc "^2.0.3"
  optionalDependencies:
    lightningcss-android-arm64 "1.32.0"
    lightningcss-darwin-arm64 "1.32.0"
    lightningcss-darwin-x64 "1.32.0"
    lightningcss-freebsd-x64 "1.32.0"
    lightningcss-linux-arm-gnueabihf "1.32.0"
    lightningcss-linux-arm64-gnu "1.32.0"
    lightningcss-linux-arm64-musl "1.32.0"
    lightningcss-linux-x64-gnu "1.32.0"
    lightningcss-linux-x64-musl "1.32.0"
    lightningcss-win32-arm64-msvc "1.32.0"
    lightningcss-win32-x64-msvc "1.32.0"

lodash@^4.17.21:
  version "4.17.21"
  resolved "https://registry.npmjs.org/lodash/-/lodash-4.17.21.tgz"
  integrity sha512-v2kDEe57lecTulaDIuNTPy3Ry4gLGJ6Z1O3vE1krgXZNrsQ+LFTGHVxVjcXPs17LhbZVGedAJv8XZ1tvj5FvSg==

magic-string@^0.30.21:
  version "0.30.21"
  resolved "https://registry.npmjs.org/magic-string/-/magic-string-0.30.21.tgz"
  integrity sha512-vd2F4YUyEXKGcLHoq+TEyCjxueSeHnFxyyjNp80yg0XV4vUhnDer/lvvlqM/arB5bXQN5K2/3oinyCRyx8T2CQ==
  dependencies:
    "@jridgewell/sourcemap-codec" "^1.5.5"

mime-db@1.52.0:
  version "1.52.0"
  resolved "https://registry.npmjs.org/mime-db/-/mime-db-1.52.0.tgz"
  integrity sha512-sPU4uV7dYlvtWJxwwxHD0PuihVNiE7TyAbQ5SWxDCB9mUYvOgroQOwYQQOKPJ8CIbE+1ETVlOoK1UC2nU3gYvg==

mime-types@^2.1.12:
  version "2.1.35"
  resolved "https://registry.npmjs.org/mime-types/-/mime-types-2.1.35.tgz"
  integrity sha512-ZDY+bPm5zTTF+YpCrAU9nK0UgICYPT0QtT1NZWFv4s++TNkcgVaT0g6+4R2uI4MjQjzysHB1zxuWL50hzaeXiw==
  dependencies:
    mime-db "1.52.0"

nanoid@^3.3.12:
  version "3.3.16"
  resolved "https://registry.npmjs.org/nanoid/-/nanoid-3.3.16.tgz"
  integrity sha512-bzlKTyNJ7+LdGIIwy8ijFpIqEQIvafahV7eYykJ8Cvh42EdJeODoJ6gUJXpQJvej1BddH8OqTXZNE/KfbWAu8Q==

picocolors@^1.0.0, picocolors@^1.1.1:
  version "1.1.1"
  resolved "https://registry.npmjs.org/picocolors/-/picocolors-1.1.1.tgz"
  integrity sha512-xceH2snhtb5M9liqDsmEw56le376mTZkEX/jEb/RxNFyegNul7eNslCXP9FDj/Lcu0X8KEyMceP2ntpaHrDEVA==

picomatch@^2.3.1:
  version "2.3.1"
  resolved "https://registry.npmjs.org/picomatch/-/picomatch-2.3.1.tgz"
  integrity sha512-JU3teHTNjmE2VCGFzuY8EXzCDVwEqB2a8fsIvwaStHhAWJEeVd1o1QD80CU6+ZdEXXSLbSsuLwJjkCBWqRQUVA==

postcss@^8.4.40:
  version "8.5.19"
  resolved "https://registry.npmjs.org/postcss/-/postcss-8.5.19.tgz"
  integrity sha512-Mz8SaolMd8nB+G13WkORcxQKHZ/NE4xXevtkJHVuG+guo9/wYKlIMTKAqGdEmYOXR2ijPjTYNHssizdaVSUNdQ==
  dependencies:
    nanoid "^3.3.12"
    picocolors "^1.1.1"
    source-map-js "^1.2.1"

proxy-from-env@^1.1.0:
  version "1.1.0"
  resolved "https://registry.npmjs.org/proxy-from-env/-/proxy-from-env-1.1.0.tgz"
  integrity sha512-D+zkORCbA9f1tdWRK0RaCR3GPv50cMxcrz4X8k5LTSUD1Dkw47mKJEZQNunItRTkWwgtaUSo1RVFRIG9ZXiFYg==

rollup@^4.13.0:
  version "4.62.2"
  resolved "https://registry.npmjs.org/rollup/-/rollup-4.62.2.tgz"
  integrity sha512-RFnrW4lhXA3s3eqHDZvN654g8OTjzRfqpIRJYczCGB6HzphckVAi/Qh4tbPUbRuDi7s1Llv8g/NspLkttY3gTA==
  dependencies:
    "@types/estree" "1.0.9"
  optionalDependencies:
    "@rollup/rollup-android-arm-eabi" "4.62.2"
    "@rollup/rollup-android-arm64" "4.62.2"
    "@rollup/rollup-darwin-arm64" "4.62.2"
    "@rollup/rollup-darwin-x64" "4.62.2"
    "@rollup/rollup-freebsd-arm64" "4.62.2"
    "@rollup/rollup-freebsd-x64" "4.62.2"
    "@rollup/rollup-linux-arm-gnueabihf" "4.62.2"
    "@rollup/rollup-linux-arm-musleabihf" "4.62.2"
    "@rollup/rollup-linux-arm64-gnu" "4.62.2"
    "@rollup/rollup-linux-arm64-musl" "4.62.2"
    "@rollup/rollup-linux-loong64-gnu" "4.62.2"
    "@rollup/rollup-linux-loong64-musl" "4.62.2"
    "@rollup/rollup-linux-ppc64-gnu" "4.62.2"
    "@rollup/rollup-linux-ppc64-musl" "4.62.2"
    "@rollup/rollup-linux-riscv64-gnu" "4.62.2"
    "@rollup/rollup-linux-riscv64-musl" "4.62.2"
    "@rollup/rollup-linux-s390x-gnu" "4.62.2"
    "@rollup/rollup-linux-x64-gnu" "4.62.2"
    "@rollup/rollup-linux-x64-musl" "4.62.2"
    "@rollup/rollup-openbsd-x64" "4.62.2"
    "@rollup/rollup-openharmony-arm64" "4.62.2"
    "@rollup/rollup-win32-arm64-msvc" "4.62.2"
    "@rollup/rollup-win32-ia32-msvc" "4.62.2"
    "@rollup/rollup-win32-x64-gnu" "4.62.2"
    "@rollup/rollup-win32-x64-msvc" "4.62.2"
    fsevents "~2.3.2"

source-map-js@^1.2.1:
  version "1.2.1"
  resolved "https://registry.npmjs.org/source-map-js/-/source-map-js-1.2.1.tgz"
  integrity sha512-UXWMKhLOwVKb728IUtQPXxfYU+usdybtUrK/8uGE8CQMvrhOpwvzDBwj0QhSL7MQc7vIsISBG8VQ8+IDQxpfQA==

tailwindcss@^4.3.3, tailwindcss@4.3.3:
  version "4.3.3"
  resolved "https://registry.npmjs.org/tailwindcss/-/tailwindcss-4.3.3.tgz"
  integrity sha512-gOhV3P7ufE62QDGg1zVaTgCR+EtPv92k2nIhVcVKcLmxT1sUBsQGhnZj175j+MqRt4zLF7ic+sCYjfhxMxj7YQ==

tapable@^2.3.3:
  version "2.3.3"
  resolved "https://registry.npmjs.org/tapable/-/tapable-2.3.3.tgz"
  integrity sha512-uxc/zpqFg6x7C8vOE7lh6Lbda8eEL9zmVm/PLeTPBRhh1xCgdWaQ+J1CUieGpIfm2HdtsUpRv+HshiasBMcc6A==

toastify-js@^1.12.0:
  version "1.12.0"
  resolved "https://registry.npmjs.org/toastify-js/-/toastify-js-1.12.0.tgz"
  integrity sha512-HeMHCO9yLPvP9k0apGSdPUWrUbLnxUKNFzgUoZp1PHCLploIX/4DSQ7V8H25ef+h4iO9n0he7ImfcndnN6nDrQ==

vite-plugin-full-reload@^1.1.0:
  version "1.1.0"
  resolved "https://registry.npmjs.org/vite-plugin-full-reload/-/vite-plugin-full-reload-1.1.0.tgz"
  integrity sha512-3cObNDzX6DdfhD9E7kf6w2mNunFpD7drxyNgHLw+XwIYAgb+Xt16SEXo0Up4VH+TMf3n+DSVJZtW2POBGcBYAA==
  dependencies:
    picocolors "^1.0.0"
    picomatch "^2.3.1"

"vite@^5.0.0 || ^6.0.0", "vite@^5.2.0 || ^6 || ^7 || ^8", vite@^5.4.0:
  version "5.4.0"
  resolved "https://registry.npmjs.org/vite/-/vite-5.4.0.tgz"
  integrity sha512-5xokfMX0PIiwCMCMb9ZJcMyh5wbBun0zUzKib+L65vAZ8GY9ePZMXxFrHbr/Kyll2+LSCY7xtERPpxkBDKngwg==
  dependencies:
    esbuild "^0.21.3"
    postcss "^8.4.40"
    rollup "^4.13.0"
  optionalDependencies:
    fsevents "~2.3.3"
